
Microsoft Visual Studio Solution File, Format Version 12.00
# Visual Studio Version 16
VisualStudioVersion = 16.0.30621.155
MinimumVisualStudioVersion = 10.0.40219.1
Project("{FAE04EC0-301F-11D3-BF4B-00C04F79EFBC}") = "Naloga1", "Naloga\Naloga1.csproj", "{048087DC-22B8-4C46-9944-AFFA31316A25}"
EndProject
Project("{FAE04EC0-301F-11D3-BF4B-00C04F79EFBC}") = "Naloga2", "Naloga2\Naloga2.csproj", "{21F5D358-3D2A-43F4-81B5-1CEC2D293FC5}"
EndProject
Project("{FAE04EC0-301F-11D3-BF4B-00C04F79EFBC}") = "Naloga3", "Naloga3\Naloga3.csproj", "{3E7FBEEA-4424-444F-B6A5-34BC80D70E6D}"
EndProject
Global
	GlobalSection(SolutionConfigurationPlatforms) = preSolution
		Debug|Any CPU = Debug|Any CPU
		Release|Any CPU = Release|Any CPU
	EndGlobalSection
	GlobalSection(ProjectConfigurationPlatforms) = postSolution
		{048087DC-22B8-4C46-9944-AFFA31316A25}.Debug|Any CPU.ActiveCfg = Debug|Any CPU
		{048087DC-22B8-4C46-9944-AFFA31316A25}.Debug|Any CPU.Build.0 = Debug|Any CPU
		{048087DC-22B8-4C46-9944-AFFA31316A25}.Release|Any CPU.ActiveCfg = Release|Any CPU
		{048087DC-22B8-4C46-9944-AFFA31316A25}.Release|Any CPU.Build.0 = Release|Any CPU
		{21F5D358-3D2A-43F4-81B5-1CEC2D293FC5}.Debug|Any CPU.ActiveCfg = Debug|Any CPU
		{21F5D358-3D2A-43F4-81B5-1CEC2D293FC5}.Debug|Any CPU.Build.0 = Debug|Any CPU
		{21F5D358-3D2A-43F4-81B5-1CEC2D293FC5}.Release|Any CPU.ActiveCfg = Release|Any CPU
		{21F5D358-3D2A-43F4-81B5-1CEC2D293FC5}.Release|Any CPU.Build.0 = Release|Any CPU
		{3E7FBEEA-4424-444F-B6A5-34BC80D70E6D}.Debug|Any CPU.ActiveCfg = Debug|Any CPU
		{3E7FBEEA-4424-444F-B6A5-34BC80D70E6D}.Debug|Any CPU.Build.0 = Debug|Any CPU
		{3E7FBEEA-4424-444F-B6A5-34BC80D70E6D}.Release|Any CPU.ActiveCfg = Release|Any CPU
		{3E7FBEEA-4424-444F-B6A5-34BC80D70E6D}.Release|Any CPU.Build.0 = Release|Any CPU
	EndGlobalSection
	GlobalSection(SolutionProperties) = preSolution
		HideSolutionNode = FALSE
	EndGlobalSection
	GlobalSection(ExtensibilityGlobals) = postSolution
		SolutionGuid = {069C591F-7F23-48B8-9A75-000457F1710D}
	EndGlobalSection
EndGlobal
